
Microsoft Visual Studio Solution File, Format Version 12.00
# Visual Studio 2012
Project("{FAE04EC0-301F-11D3-BF4B-00C04F79EFBC}") = "Snowflake_Deliverable1", "Snowflake_Deliverable1\Snowflake_Deliverable1.csproj", "{CC97025E-8CC7-4866-A9BC-4C740868E571}"
EndProject
Global
	GlobalSection(SolutionConfigurationPlatforms) = preSolution
		Debug|Any CPU = Debug|Any CPU
		Release|Any CPU = Release|Any CPU
	EndGlobalSection
	GlobalSection(ProjectConfigurationPlatforms) = postSolution
		{CC97025E-8CC7-4866-A9BC-4C740868E571}.Debug|Any CPU.ActiveCfg = Debug|Any CPU
		{CC97025E-8CC7-4866-A9BC-4C740868E571}.Debug|Any CPU.Build.0 = Debug|Any CPU
		{CC97025E-8CC7-4866-A9BC-4C740868E571}.Release|Any CPU.ActiveCfg = Release|Any CPU
		{CC97025E-8CC7-4866-A9BC-4C740868E571}.Release|Any CPU.Build.0 = Release|Any CPU
	EndGlobalSection
	GlobalSection(SolutionProperties) = preSolution
		HideSolutionNode = FALSE
	EndGlobalSection
EndGlobal
